dependencies:
- name: postgrescluster
  repository: https://devseed.com/eoapi-k8s/
  version: 5.8.6
- name: eoapi-notifier
  repository: oci://ghcr.io/developmentseed/charts
  version: 0.1.0
- name: knative-operator
  repository: https://knative.github.io/operator
  version: v1.22.3
- name: metrics-server
  repository: https://kubernetes-sigs.github.io/metrics-server/
  version: 3.13.1
- name: prometheus
  repository: https://prometheus-community.github.io/helm-charts
  version: 29.19.0
- name: prometheus-adapter
  repository: https://prometheus-community.github.io/helm-charts
  version: 5.3.0
- name: grafana
  repository: https://grafana.github.io/helm-charts
  version: 10.5.15
- name: stac-auth-proxy
  repository: oci://ghcr.io/developmentseed/stac-auth-proxy/charts
  version: 1.1.1
digest: sha256:e604e1c8f992e4b4ee2345bed8f76db5118eb8f0921ffc27fb593acc53add6b8
generated: "2026-07-23T17:30:58.114133185+02:00"
