dependencies:
- name: postgrescluster
  repository: https://devseed.com/eoapi-k8s/
  version: 5.8.6
- name: eoapi-notifier
  repository: oci://ghcr.io/developmentseed/charts
  version: 0.1.0
- name: knative-operator
  repository: https://knative.github.io/operator
  version: v1.23.1
- name: metrics-server
  repository: https://kubernetes-sigs.github.io/metrics-server/
  version: 3.14.0
- name: prometheus
  repository: https://prometheus-community.github.io/helm-charts
  version: 29.33.1
- name: prometheus-adapter
  repository: https://prometheus-community.github.io/helm-charts
  version: 5.3.0
- name: grafana
  repository: https://grafana.github.io/helm-charts
  version: 10.5.15
- name: stac-auth-proxy
  repository: oci://ghcr.io/developmentseed/stac-auth-proxy/charts
  version: 1.2.0
digest: sha256:bf3f1cb993da375fd63ba6b7b432492654e010c313be2f458e4dfed76e46c2a7
generated: "2026-09-25T23:56:41.222094846Z"
