dependencies:
- name: postgrescluster
  repository: https://devseed.com/eoapi-k8s/
  version: 5.8.6
- name: eoapi-notifier
  repository: oci://ghcr.io/developmentseed/charts
  version: 0.1.0
- name: knative-operator
  repository: https://knative.github.io/operator
  version: v1.22.3
- name: metrics-server
  repository: https://kubernetes-sigs.github.io/metrics-server/
  version: 3.13.1
- name: prometheus
  repository: https://prometheus-community.github.io/helm-charts
  version: 29.19.0
- name: prometheus-adapter
  repository: https://prometheus-community.github.io/helm-charts
  version: 5.3.0
- name: grafana
  repository: https://grafana.github.io/helm-charts
  version: 10.5.15
- name: stac-auth-proxy
  repository: oci://ghcr.io/developmentseed/stac-auth-proxy/charts
  version: 1.2.0
digest: sha256:3c3d32cb3db545c780ccdd78f382a291ad223dd47f9cb9d70b8a2c52c9622897
generated: "2026-07-23T22:24:50.299965139Z"
